{
  "name": "unified-proxy",
  "version": "5.0.0",
  "lockfileVersion": 3,
  "requires": true,
  "packages": {
    "": {
      "name": "unified-proxy",
      "version": "5.0.0",
      "license": "MIT",
      "bin": {
        "unified-proxy": "server.js"
      },
      "engines": {
        "node": ">=20"
      }
    }
  }
}
